
Microsoft Visual Studio Solution File, Format Version 12.00
# Visual Studio Version 16
VisualStudioVersion = 16.0.30907.101
MinimumVisualStudioVersion = 10.0.40219.1
Project("{FAE04EC0-301F-11D3-BF4B-00C04F79EFBC}") = "WebConfigConnectionStringTool", "WebConfigConnectionStringTool.csproj", "{8DF0A4E0-14AC-4E17-BEB0-F95BAC09E20B}"
EndProject
Global
	GlobalSection(SolutionConfigurationPlatforms) = preSolution
		Debug|Any CPU = Debug|Any CPU
		Release|Any CPU = Release|Any CPU
	EndGlobalSection
	GlobalSection(ProjectConfigurationPlatforms) = postSolution
		{8DF0A4E0-14AC-4E17-BEB0-F95BAC09E20B}.Debug|Any CPU.ActiveCfg = Debug|Any CPU
		{8DF0A4E0-14AC-4E17-BEB0-F95BAC09E20B}.Debug|Any CPU.Build.0 = Debug|Any CPU
		{8DF0A4E0-14AC-4E17-BEB0-F95BAC09E20B}.Release|Any CPU.ActiveCfg = Release|Any CPU
		{8DF0A4E0-14AC-4E17-BEB0-F95BAC09E20B}.Release|Any CPU.Build.0 = Release|Any CPU
	EndGlobalSection
	GlobalSection(SolutionProperties) = preSolution
		HideSolutionNode = FALSE
	EndGlobalSection
	GlobalSection(ExtensibilityGlobals) = postSolution
		SolutionGuid = {56532A4C-AC2B-4021-8D30-1E83BF4073F9}
	EndGlobalSection
EndGlobal
